
Microsoft Visual Studio Solution File, Format Version 12.00
# Visual Studio 14
VisualStudioVersion = 14.0.23107.0
MinimumVisualStudioVersion = 10.0.40219.1
Project("{2150E333-8FDC-42A3-9474-1A3956D46DE8}") = "Files", "Files", "{261A41EC-51CB-4A61-9E34-98F1777FDF44}"
EndProject
Project("{FAE04EC0-301F-11D3-BF4B-00C04F79EFBC}") = "Windows.Devices.Gpio.Components", "Windows.Devices.Gpio.Components\Windows.Devices.Gpio.Components.csproj", "{96EFE7BA-F3B0-4D83-A0A9-8FD0CD5436D1}"
EndProject
Project("{FAE04EC0-301F-11D3-BF4B-00C04F79EFBC}") = "TestApp", "TestApp\TestApp.csproj", "{A752C768-CCE8-4A90-8D3E-8E37B9013665}"
EndProject
Global
	GlobalSection(SolutionConfigurationPlatforms) = preSolution
		Debug|Any CPU = Debug|Any CPU
		Debug|ARM = Debug|ARM
		Debug|x64 = Debug|x64
		Debug|x86 = Debug|x86
		Release|Any CPU = Release|Any CPU
		Release|ARM = Release|ARM
		Release|x64 = Release|x64
		Release|x86 = Release|x86
	EndGlobalSection
	GlobalSection(ProjectConfigurationPlatforms) = postSolution
		{96EFE7BA-F3B0-4D83-A0A9-8FD0CD5436D1}.Debug|Any CPU.ActiveCfg = Debug|Any CPU
		{96EFE7BA-F3B0-4D83-A0A9-8FD0CD5436D1}.Debug|Any CPU.Build.0 = Debug|Any CPU
		{96EFE7BA-F3B0-4D83-A0A9-8FD0CD5436D1}.Debug|ARM.ActiveCfg = Debug|ARM
		{96EFE7BA-F3B0-4D83-A0A9-8FD0CD5436D1}.Debug|ARM.Build.0 = Debug|ARM
		{96EFE7BA-F3B0-4D83-A0A9-8FD0CD5436D1}.Debug|x64.ActiveCfg = Debug|x64
		{96EFE7BA-F3B0-4D83-A0A9-8FD0CD5436D1}.Debug|x64.Build.0 = Debug|x64
		{96EFE7BA-F3B0-4D83-A0A9-8FD0CD5436D1}.Debug|x86.ActiveCfg = Debug|x86
		{96EFE7BA-F3B0-4D83-A0A9-8FD0CD5436D1}.Debug|x86.Build.0 = Debug|x86
		{96EFE7BA-F3B0-4D83-A0A9-8FD0CD5436D1}.Release|Any CPU.ActiveCfg = Release|Any CPU
		{96EFE7BA-F3B0-4D83-A0A9-8FD0CD5436D1}.Release|Any CPU.Build.0 = Release|Any CPU
		{96EFE7BA-F3B0-4D83-A0A9-8FD0CD5436D1}.Release|ARM.ActiveCfg = Release|ARM
		{96EFE7BA-F3B0-4D83-A0A9-8FD0CD5436D1}.Release|ARM.Build.0 = Release|ARM
		{96EFE7BA-F3B0-4D83-A0A9-8FD0CD5436D1}.Release|x64.ActiveCfg = Release|x64
		{96EFE7BA-F3B0-4D83-A0A9-8FD0CD5436D1}.Release|x64.Build.0 = Release|x64
		{96EFE7BA-F3B0-4D83-A0A9-8FD0CD5436D1}.Release|x86.ActiveCfg = Release|x86
		{96EFE7BA-F3B0-4D83-A0A9-8FD0CD5436D1}.Release|x86.Build.0 = Release|x86
		{A752C768-CCE8-4A90-8D3E-8E37B9013665}.Debug|Any CPU.ActiveCfg = Debug|x86
		{A752C768-CCE8-4A90-8D3E-8E37B9013665}.Debug|ARM.ActiveCfg = Debug|ARM
		{A752C768-CCE8-4A90-8D3E-8E37B9013665}.Debug|ARM.Build.0 = Debug|ARM
		{A752C768-CCE8-4A90-8D3E-8E37B9013665}.Debug|ARM.Deploy.0 = Debug|ARM
		{A752C768-CCE8-4A90-8D3E-8E37B9013665}.Debug|x64.ActiveCfg = Debug|x64
		{A752C768-CCE8-4A90-8D3E-8E37B9013665}.Debug|x64.Build.0 = Debug|x64
		{A752C768-CCE8-4A90-8D3E-8E37B9013665}.Debug|x64.Deploy.0 = Debug|x64
		{A752C768-CCE8-4A90-8D3E-8E37B9013665}.Debug|x86.ActiveCfg = Debug|x86
		{A752C768-CCE8-4A90-8D3E-8E37B9013665}.Debug|x86.Build.0 = Debug|x86
		{A752C768-CCE8-4A90-8D3E-8E37B9013665}.Debug|x86.Deploy.0 = Debug|x86
		{A752C768-CCE8-4A90-8D3E-8E37B9013665}.Release|Any CPU.ActiveCfg = Release|x86
		{A752C768-CCE8-4A90-8D3E-8E37B9013665}.Release|ARM.ActiveCfg = Release|ARM
		{A752C768-CCE8-4A90-8D3E-8E37B9013665}.Release|ARM.Build.0 = Release|ARM
		{A752C768-CCE8-4A90-8D3E-8E37B9013665}.Release|ARM.Deploy.0 = Release|ARM
		{A752C768-CCE8-4A90-8D3E-8E37B9013665}.Release|x64.ActiveCfg = Release|x64
		{A752C768-CCE8-4A90-8D3E-8E37B9013665}.Release|x64.Build.0 = Release|x64
		{A752C768-CCE8-4A90-8D3E-8E37B9013665}.Release|x64.Deploy.0 = Release|x64
		{A752C768-CCE8-4A90-8D3E-8E37B9013665}.Release|x86.ActiveCfg = Release|x86
		{A752C768-CCE8-4A90-8D3E-8E37B9013665}.Release|x86.Build.0 = Release|x86
		{A752C768-CCE8-4A90-8D3E-8E37B9013665}.Release|x86.Deploy.0 = Release|x86
	EndGlobalSection
	GlobalSection(SolutionProperties) = preSolution
		HideSolutionNode = FALSE
	EndGlobalSection
EndGlobal
